
Microsoft Visual Studio Solution File, Format Version 12.00
# Visual Studio Version 16
VisualStudioVersion = 16.0.30523.141
MinimumVisualStudioVersion = 10.0.40219.1
Project("{2150E333-8FDC-42A3-9474-1A3956D46DE8}") = "NamedPipe", "NamedPipe", "{2414EA5D-A929-47D6-AA9B-B3F599EADE65}"
EndProject
Project("{9A19103F-16F7-4668-BE54-9A1E7A4F7556}") = "ReceiverConsoleApp", "ReceiverConsoleApp\ReceiverConsoleApp.csproj", "{DDEBD888-8BDD-4758-9D61-681C3F1AA2AB}"
EndProject
Project("{9A19103F-16F7-4668-BE54-9A1E7A4F7556}") = "SenderConsoleApp", "SenderConsoleApp\SenderConsoleApp.csproj", "{671C39F5-C5D7-4787-9F87-E872A27FF3C3}"
EndProject
Global
	GlobalSection(SolutionConfigurationPlatforms) = preSolution
		Debug|Any CPU = Debug|Any CPU
		Release|Any CPU = Release|Any CPU
	EndGlobalSection
	GlobalSection(ProjectConfigurationPlatforms) = postSolution
		{DDEBD888-8BDD-4758-9D61-681C3F1AA2AB}.Debug|Any CPU.ActiveCfg = Debug|Any CPU
		{DDEBD888-8BDD-4758-9D61-681C3F1AA2AB}.Debug|Any CPU.Build.0 = Debug|Any CPU
		{DDEBD888-8BDD-4758-9D61-681C3F1AA2AB}.Release|Any CPU.ActiveCfg = Release|Any CPU
		{DDEBD888-8BDD-4758-9D61-681C3F1AA2AB}.Release|Any CPU.Build.0 = Release|Any CPU
		{671C39F5-C5D7-4787-9F87-E872A27FF3C3}.Debug|Any CPU.ActiveCfg = Debug|Any CPU
		{671C39F5-C5D7-4787-9F87-E872A27FF3C3}.Debug|Any CPU.Build.0 = Debug|Any CPU
		{671C39F5-C5D7-4787-9F87-E872A27FF3C3}.Release|Any CPU.ActiveCfg = Release|Any CPU
		{671C39F5-C5D7-4787-9F87-E872A27FF3C3}.Release|Any CPU.Build.0 = Release|Any CPU
	EndGlobalSection
	GlobalSection(SolutionProperties) = preSolution
		HideSolutionNode = FALSE
	EndGlobalSection
	GlobalSection(NestedProjects) = preSolution
		{DDEBD888-8BDD-4758-9D61-681C3F1AA2AB} = {2414EA5D-A929-47D6-AA9B-B3F599EADE65}
		{671C39F5-C5D7-4787-9F87-E872A27FF3C3} = {2414EA5D-A929-47D6-AA9B-B3F599EADE65}
	EndGlobalSection
	GlobalSection(ExtensibilityGlobals) = postSolution
		SolutionGuid = {A572EEAA-089C-41C7-9DF9-C6A4904FC234}
	EndGlobalSection
EndGlobal
